
Microsoft Visual Studio Solution File, Format Version 12.00
# Visual Studio 15
VisualStudioVersion = 15.0.27130.2027
MinimumVisualStudioVersion = 10.0.40219.1
Project("{FAE04EC0-301F-11D3-BF4B-00C04F79EFBC}") = "WebApplication4", "WebApplication4\WebApplication4.csproj", "{A3ABD3F0-C6D6-4BA9-A783-CE17A8755DFD}"
EndProject
Project("{FAE04EC0-301F-11D3-BF4B-00C04F79EFBC}") = "WebApplication4Models", "WebApplication4Models\WebApplication4Models.csproj", "{968D64E4-396C-436D-8B37-C28149BF82F4}"
EndProject
Project("{FAE04EC0-301F-11D3-BF4B-00C04F79EFBC}") = "WebApplication4Back", "WebApplication4Back\WebApplication4Back.csproj", "{94416838-86EE-402E-92EC-9CD3AA49ABFC}"
EndProject
Global
	GlobalSection(SolutionConfigurationPlatforms) = preSolution
		Debug|Any CPU = Debug|Any CPU
		Release|Any CPU = Release|Any CPU
	EndGlobalSection
	GlobalSection(ProjectConfigurationPlatforms) = postSolution
		{A3ABD3F0-C6D6-4BA9-A783-CE17A8755DFD}.Debug|Any CPU.ActiveCfg = Debug|Any CPU
		{A3ABD3F0-C6D6-4BA9-A783-CE17A8755DFD}.Debug|Any CPU.Build.0 = Debug|Any CPU
		{A3ABD3F0-C6D6-4BA9-A783-CE17A8755DFD}.Release|Any CPU.ActiveCfg = Release|Any CPU
		{A3ABD3F0-C6D6-4BA9-A783-CE17A8755DFD}.Release|Any CPU.Build.0 = Release|Any CPU
		{968D64E4-396C-436D-8B37-C28149BF82F4}.Debug|Any CPU.ActiveCfg = Debug|Any CPU
		{968D64E4-396C-436D-8B37-C28149BF82F4}.Debug|Any CPU.Build.0 = Debug|Any CPU
		{968D64E4-396C-436D-8B37-C28149BF82F4}.Release|Any CPU.ActiveCfg = Release|Any CPU
		{968D64E4-396C-436D-8B37-C28149BF82F4}.Release|Any CPU.Build.0 = Release|Any CPU
		{94416838-86EE-402E-92EC-9CD3AA49ABFC}.Debug|Any CPU.ActiveCfg = Debug|Any CPU
		{94416838-86EE-402E-92EC-9CD3AA49ABFC}.Debug|Any CPU.Build.0 = Debug|Any CPU
		{94416838-86EE-402E-92EC-9CD3AA49ABFC}.Release|Any CPU.ActiveCfg = Release|Any CPU
		{94416838-86EE-402E-92EC-9CD3AA49ABFC}.Release|Any CPU.Build.0 = Release|Any CPU
	EndGlobalSection
	GlobalSection(SolutionProperties) = preSolution
		HideSolutionNode = FALSE
	EndGlobalSection
	GlobalSection(ExtensibilityGlobals) = postSolution
		SolutionGuid = {03C4E996-A8AB-458A-890B-7609034E562E}
	EndGlobalSection
EndGlobal
